
Microsoft Visual Studio Solution File, Format Version 12.00
# Visual Studio Version 16
VisualStudioVersion = 16.0.31702.278
MinimumVisualStudioVersion = 10.0.40219.1
Project("{FAE04EC0-301F-11D3-BF4B-00C04F79EFBC}") = "Ministry", "Ministry\Ministry.csproj", "{ABA07BD3-41C4-40E2-B8F1-515AB7816F0C}"
EndProject
Project("{54435603-DBB4-11D2-8724-00A0C9A8B90C}") = "Setup", "Setup\Setup.vdproj", "{92AE002F-1F79-4152-8BE9-90F666F00F4E}"
EndProject
Global
	GlobalSection(SolutionConfigurationPlatforms) = preSolution
		Debug|Any CPU = Debug|Any CPU
		Release|Any CPU = Release|Any CPU
	EndGlobalSection
	GlobalSection(ProjectConfigurationPlatforms) = postSolution
		{ABA07BD3-41C4-40E2-B8F1-515AB7816F0C}.Debug|Any CPU.ActiveCfg = Debug|Any CPU
		{ABA07BD3-41C4-40E2-B8F1-515AB7816F0C}.Debug|Any CPU.Build.0 = Debug|Any CPU
		{ABA07BD3-41C4-40E2-B8F1-515AB7816F0C}.Release|Any CPU.ActiveCfg = Release|Any CPU
		{ABA07BD3-41C4-40E2-B8F1-515AB7816F0C}.Release|Any CPU.Build.0 = Release|Any CPU
		{92AE002F-1F79-4152-8BE9-90F666F00F4E}.Debug|Any CPU.ActiveCfg = Debug
		{92AE002F-1F79-4152-8BE9-90F666F00F4E}.Release|Any CPU.ActiveCfg = Release
	EndGlobalSection
	GlobalSection(SolutionProperties) = preSolution
		HideSolutionNode = FALSE
	EndGlobalSection
	GlobalSection(ExtensibilityGlobals) = postSolution
		SolutionGuid = {BA468091-8815-4BAA-8D86-019C9865DE8C}
	EndGlobalSection
EndGlobal
